github.com/iqhive/nradix v1.0.1 h1:dg81bYGSS7lsyYRBR48K5aWKZnXHwOLaSI6NqXshKzo=
github.com/iqhive/nradix v1.0.1/go.mod h1:CerzjyKnItnUIKtYzg1Fw1BE+iORGGjJj/6TDF8Y2AY=
github.com/iqhive/nradix v1.0.2 h1:UkRVqTqLJP3cK2mxwIPmR2R0ELbEYPivgJxL+VV2mds=
github.com/iqhive/nradix v1.0.2/go.mod h1:CerzjyKnItnUIKtYzg1Fw1BE+iORGGjJj/6TDF8Y2AY=
